// !$*UTF8*$!
{
	archiveVersion = 1;
	classes = {
	};
	objectVersion = 50;
	objects = {

/* Begin PBXBuildFile section */
		023006AD71B837A00A3FFB87 /* Pods_stroll_trollsTests.framework in Frameworks */ = {isa = PBXBuildFile; fileRef = 4773659D968BA989A7AE7C02 /* Pods_stroll_trollsTests.framework */; };
		8FB2AD00236416CA0096DA90 /* AppDelegate.swift in Sources */ = {isa = PBXBuildFile; fileRef = 8FB2ACFF236416CA0096DA90 /* AppDelegate.swift */; };
		8FB2AD02236416CA0096DA90 /* SceneDelegate.swift in Sources */ = {isa = PBXBuildFile; fileRef = 8FB2AD01236416CA0096DA90 /* SceneDelegate.swift */; };
		8FB2AD05236416CA0096DA90 /* stroll_trolls.xcdatamodeld in Sources */ = {isa = PBXBuildFile; fileRef = 8FB2AD03236416CA0096DA90 /* stroll_trolls.xcdatamodeld */; };
		8FB2AD07236416CA0096DA90 /* ContentView.swift in Sources */ = {isa = PBXBuildFile; fileRef = 8FB2AD06236416CA0096DA90 /* ContentView.swift */; };
		8FB2AD09236416CD0096DA90 /* Assets.xcassets in Resources */ = {isa = PBXBuildFile; fileRef = 8FB2AD08236416CD0096DA90 /* Assets.xcassets */; };
		8FB2AD0C236416CD0096DA90 /* Preview Assets.xcassets in Resources */ = {isa = PBXBuildFile; fileRef = 8FB2AD0B236416CD0096DA90 /* Preview Assets.xcassets */; };
		8FB2AD0F236416CD0096DA90 /* LaunchScreen.storyboard in Resources */ = {isa = PBXBuildFile; fileRef = 8FB2AD0D236416CD0096DA90 /* LaunchScreen.storyboard */; };
		8FB2AD1A236416CD0096DA90 /* stroll_trollsTests.swift in Sources */ = {isa = PBXBuildFile; fileRef = 8FB2AD19236416CD0096DA90 /* stroll_trollsTests.swift */; };
		D77B59F327BA24CC4936E265 /* Pods_stroll_trolls.framework in Frameworks */ = {isa = PBXBuildFile; fileRef = 292EDE1478A0917BEA61803B /* Pods_stroll_trolls.framework */; };
/* End PBXBuildFile section */

/* Begin PBXContainerItemProxy section */
		8FB2AD16236416CD0096DA90 /* PBXContainerItemProxy */ = {
			isa = PBXContainerItemProxy;
			containerPortal = 8FB2ACF4236416C90096DA90 /* Project object */;
			proxyType = 1;
			remoteGlobalIDString = 8FB2ACFB236416CA0096DA90;
			remoteInfo = "stroll-trolls";
		};
/* End PBXContainerItemProxy section */

/* Begin PBXFileReference section */
		292EDE1478A0917BEA61803B /* Pods_stroll_trolls.framework */ = {isa = PBXFileReference; explicitFileType = wrapper.framework; includeInIndex = 0; path = Pods_stroll_trolls.framework; sourceTree = BUILT_PRODUCTS_DIR; };
		4773659D968BA989A7AE7C02 /* Pods_stroll_trollsTests.framework */ = {isa = PBXFileReference; explicitFileType = wrapper.framework; includeInIndex = 0; path = Pods_stroll_trollsTests.framework; sourceTree = BUILT_PRODUCTS_DIR; };
		8029C635E0D0E2F8DC66980A /* Pods-stroll-trollsTests.debug.xcconfig */ = {isa = PBXFileReference; includeInIndex = 1; lastKnownFileType = text.xcconfig; name = "Pods-stroll-trollsTests.debug.xcconfig"; path = "Target Support Files/Pods-stroll-trollsTests/Pods-stroll-trollsTests.debug.xcconfig"; sourceTree = "<group>"; };
		81B6156D2E76B30EBA7C35B4 /* Pods-stroll-trollsTests.release.xcconfig */ = {isa = PBXFileReference; includeInIndex = 1; lastKnownFileType = text.xcconfig; name = "Pods-stroll-trollsTests.release.xcconfig"; path = "Target Support Files/Pods-stroll-trollsTests/Pods-stroll-trollsTests.release.xcconfig"; sourceTree = "<group>"; };
		8FB2ACFC236416CA0096DA90 /* stroll-trolls.app */ = {isa = PBXFileReference; explicitFileType = wrapper.application; includeInIndex = 0; path = "stroll-trolls.app"; sourceTree = BUILT_PRODUCTS_DIR; };
		8FB2ACFF236416CA0096DA90 /* AppDelegate.swift */ = {isa = PBXFileReference; lastKnownFileType = sourcecode.swift; path = AppDelegate.swift; sourceTree = "<group>"; };
		8FB2AD01236416CA0096DA90 /* SceneDelegate.swift */ = {isa = PBXFileReference; lastKnownFileType = sourcecode.swift; path = SceneDelegate.swift; sourceTree = "<group>"; };
		8FB2AD04236416CA0096DA90 /* stroll_trolls.xcdatamodel */ = {isa = PBXFileReference; lastKnownFileType = wrapper.xcdatamodel; path = stroll_trolls.xcdatamodel; sourceTree = "<group>"; };
		8FB2AD06236416CA0096DA90 /* ContentView.swift */ = {isa = PBXFileReference; lastKnownFileType = sourcecode.swift; path = ContentView.swift; sourceTree = "<group>"; };
		8FB2AD08236416CD0096DA90 /* Assets.xcassets */ = {isa = PBXFileReference; lastKnownFileType = folder.assetcatalog; path = Assets.xcassets; sourceTree = "<group>"; };
		8FB2AD0B236416CD0096DA90 /* Preview Assets.xcassets */ = {isa = PBXFileReference; lastKnownFileType = folder.assetcatalog; path = "Preview Assets.xcassets"; sourceTree = "<group>"; };
		8FB2AD0E236416CD0096DA90 /* Base */ = {isa = PBXFileReference; lastKnownFileType = file.storyboard; name = Base; path = Base.lproj/LaunchScreen.storyboard; sourceTree = "<group>"; };
		8FB2AD10236416CD0096DA90 /* Info.plist */ = {isa = PBXFileReference; lastKnownFileType = text.plist.xml; path = Info.plist; sourceTree = "<group>"; };
		8FB2AD15236416CD0096DA90 /* stroll-trollsTests.xctest */ = {isa = PBXFileReference; explicitFileType = wrapper.cfbundle; includeInIndex = 0; path = "stroll-trollsTests.xctest"; sourceTree = BUILT_PRODUCTS_DIR; };
		8FB2AD19236416CD0096DA90 /* stroll_trollsTests.swift */ = {isa = PBXFileReference; lastKnownFileType = sourcecode.swift; path = stroll_trollsTests.swift; sourceTree = "<group>"; };
		8FB2AD1B236416CD0096DA90 /* Info.plist */ = {isa = PBXFileReference; lastKnownFileType = text.plist.xml; path = Info.plist; sourceTree = "<group>"; };
		AFBA054FBF94C8839A036488 /* Pods-stroll-trolls.release.xcconfig */ = {isa = PBXFileReference; includeInIndex = 1; lastKnownFileType = text.xcconfig; name = "Pods-stroll-trolls.release.xcconfig"; path = "Target Support Files/Pods-stroll-trolls/Pods-stroll-trolls.release.xcconfig"; sourceTree = "<group>"; };
		C0F14BD0597455E2C6D3C5E9 /* Pods-stroll-trolls.debug.xcconfig */ = {isa = PBXFileReference; includeInIndex = 1; lastKnownFileType = text.xcconfig; name = "Pods-stroll-trolls.debug.xcconfig"; path = "Target Support Files/Pods-stroll-trolls/Pods-stroll-trolls.debug.xcconfig"; sourceTree = "<group>"; };
/* End PBXFileReference section */

/* Begin PBXFrameworksBuildPhase section */
		8FB2ACF9236416CA0096DA90 /* Frameworks */ = {
			isa = PBXFrameworksBuildPhase;
			buildActionMask = 2147483647;
			files = (
				D77B59F327BA24CC4936E265 /* Pods_stroll_trolls.framework in Frameworks */,
			);
			runOnlyForDeploymentPostprocessing = 0;
		};
		8FB2AD12236416CD0096DA90 /* Frameworks */ = {
			isa = PBXFrameworksBuildPhase;
			buildActionMask = 2147483647;
			files = (
				023006AD71B837A00A3FFB87 /* Pods_stroll_trollsTests.framework in Frameworks */,
			);
			runOnlyForDeploymentPostprocessing = 0;
		};
/* End PBXFrameworksBuildPhase section */

/* Begin PBXGroup section */
		8FB2ACF3236416C90096DA90 = {
			isa = PBXGroup;
			children = (
				8FB2ACFE236416CA0096DA90 /* stroll-trolls */,
				8FB2AD18236416CD0096DA90 /* stroll-trollsTests */,
				8FB2ACFD236416CA0096DA90 /* Products */,
				A15F7C62B4AF1403C083E0A6 /* Pods */,
				DFF0AF60D910BCE54E48EB4D /* Frameworks */,
			);
			sourceTree = "<group>";
		};
		8FB2ACFD236416CA0096DA90 /* Products */ = {
			isa = PBXGroup;
			children = (
				8FB2ACFC236416CA0096DA90 /* stroll-trolls.app */,
				8FB2AD15236416CD0096DA90 /* stroll-trollsTests.xctest */,
			);
			name = Products;
			sourceTree = "<group>";
		};
		8FB2ACFE236416CA0096DA90 /* stroll-trolls */ = {
			isa = PBXGroup;
			children = (
				8FB2ACFF236416CA0096DA90 /* AppDelegate.swift */,
				8FB2AD01236416CA0096DA90 /* SceneDelegate.swift */,
				8FB2AD06236416CA0096DA90 /* ContentView.swift */,
				8FB2AD08236416CD0096DA90 /* Assets.xcassets */,
				8FB2AD0D236416CD0096DA90 /* LaunchScreen.storyboard */,
				8FB2AD10236416CD0096DA90 /* Info.plist */,
				8FB2AD03236416CA0096DA90 /* stroll_trolls.xcdatamodeld */,
				8FB2AD0A236416CD0096DA90 /* Preview Content */,
			);
			path = "stroll-trolls";
			sourceTree = "<group>";
		};
		8FB2AD0A236416CD0096DA90 /* Preview Content */ = {
			isa = PBXGroup;
			children = (
				8FB2AD0B236416CD0096DA90 /* Preview Assets.xcassets */,
			);
			path = "Preview Content";
			sourceTree = "<group>";
		};
		8FB2AD18236416CD0096DA90 /* stroll-trollsTests */ = {
			isa = PBXGroup;
			children = (
				8FB2AD19236416CD0096DA90 /* stroll_trollsTests.swift */,
				8FB2AD1B236416CD0096DA90 /* Info.plist */,
			);
			path = "stroll-trollsTests";
			sourceTree = "<group>";
		};
		A15F7C62B4AF1403C083E0A6 /* Pods */ = {
			isa = PBXGroup;
			children = (
				C0F14BD0597455E2C6D3C5E9 /* Pods-stroll-trolls.debug.xcconfig */,
				AFBA054FBF94C8839A036488 /* Pods-stroll-trolls.release.xcconfig */,
				8029C635E0D0E2F8DC66980A /* Pods-stroll-trollsTests.debug.xcconfig */,
				81B6156D2E76B30EBA7C35B4 /* Pods-stroll-trollsTests.release.xcconfig */,
			);
			name = Pods;
			path = Pods;
			sourceTree = "<group>";
		};
		DFF0AF60D910BCE54E48EB4D /* Frameworks */ = {
			isa = PBXGroup;
			children = (
				292EDE1478A0917BEA61803B /* Pods_stroll_trolls.framework */,
				4773659D968BA989A7AE7C02 /* Pods_stroll_trollsTests.framework */,
			);
			name = Frameworks;
			sourceTree = "<group>";
		};
/* End PBXGroup section */

/* Begin PBXNativeTarget section */
		8FB2ACFB236416CA0096DA90 /* stroll-trolls */ = {
			isa = PBXNativeTarget;
			buildConfigurationList = 8FB2AD1E236416CD0096DA90 /* Build configuration list for PBXNativeTarget "stroll-trolls" */;
			buildPhases = (
				4ECD2768B5C1F9F39E13457E /* [CP] Check Pods Manifest.lock */,
				8FB2ACF8236416CA0096DA90 /* Sources */,
				8FB2ACF9236416CA0096DA90 /* Frameworks */,
				8FB2ACFA236416CA0096DA90 /* Resources */,
				4DEFBA1041649DEB675AAD01 /* [CP] Embed Pods Frameworks */,
			);
			buildRules = (
			);
			dependencies = (
			);
			name = "stroll-trolls";
			productName = "stroll-trolls";
			productReference = 8FB2ACFC236416CA0096DA90 /* stroll-trolls.app */;
			productType = "com.apple.product-type.application";
		};
		8FB2AD14236416CD0096DA90 /* stroll-trollsTests */ = {
			isa = PBXNativeTarget;
			buildConfigurationList = 8FB2AD21236416CD0096DA90 /* Build configuration list for PBXNativeTarget "stroll-trollsTests" */;
			buildPhases = (
				99CA3867FCD47DF38CAC1BE9 /* [CP] Check Pods Manifest.lock */,
				8FB2AD11236416CD0096DA90 /* Sources */,
				8FB2AD12236416CD0096DA90 /* Frameworks */,
				8FB2AD13236416CD0096DA90 /* Resources */,
			);
			buildRules = (
			);
			dependencies = (
				8FB2AD17236416CD0096DA90 /* PBXTargetDependency */,
			);
			name = "stroll-trollsTests";
			productName = "stroll-trollsTests";
			productReference = 8FB2AD15236416CD0096DA90 /* stroll-trollsTests.xctest */;
			productType = "com.apple.product-type.bundle.unit-test";
		};
/* End PBXNativeTarget section */

/* Begin PBXProject section */
		8FB2ACF4236416C90096DA90 /* Project object */ = {
			isa = PBXProject;
			attributes = {
				LastSwiftUpdateCheck = 1110;
				LastUpgradeCheck = 1110;
				ORGANIZATIONNAME = "Kayton Fletcher";
				TargetAttributes = {
					8FB2ACFB236416CA0096DA90 = {
						CreatedOnToolsVersion = 11.1;
					};
					8FB2AD14236416CD0096DA90 = {
						CreatedOnToolsVersion = 11.1;
						TestTargetID = 8FB2ACFB236416CA0096DA90;
					};
				};
			};
			buildConfigurationList = 8FB2ACF7236416C90096DA90 /* Build configuration list for PBXProject "stroll-trolls" */;
			compatibilityVersion = "Xcode 9.3";
			developmentRegion = en;
			hasScannedForEncodings = 0;
			knownRegions = (
				en,
				Base,
			);
			mainGroup = 8FB2ACF3236416C90096DA90;
			productRefGroup = 8FB2ACFD236416CA0096DA90 /* Products */;
			projectDirPath = "";
			projectRoot = "";
			targets = (
				8FB2ACFB236416CA0096DA90 /* stroll-trolls */,
				8FB2AD14236416CD0096DA90 /* stroll-trollsTests */,
			);
		};
/* End PBXProject section */

/* Begin PBXResourcesBuildPhase section */
		8FB2ACFA236416CA0096DA90 /* Resources */ = {
			isa = PBXResourcesBuildPhase;
			buildActionMask = 2147483647;
			files = (
				8FB2AD0F236416CD0096DA90 /* LaunchScreen.storyboard in Resources */,
				8FB2AD0C236416CD0096DA90 /* Preview Assets.xcassets in Resources */,
				8FB2AD09236416CD0096DA90 /* Assets.xcassets in Resources */,
			);
			runOnlyForDeploymentPostprocessing = 0;
		};
		8FB2AD13236416CD0096DA90 /* Resources */ = {
			isa = PBXResourcesBuildPhase;
			buildActionMask = 2147483647;
			files = (
			);
			runOnlyForDeploymentPostprocessing = 0;
		};
/* End PBXResourcesBuildPhase section */

/* Begin PBXShellScriptBuildPhase section */
		4DEFBA1041649DEB675AAD01 /* [CP] Embed Pods Frameworks */ = {
			isa = PBXShellScriptBuildPhase;
			buildActionMask = 2147483647;
			files = (
			);
			inputFileListPaths = (
				"${PODS_ROOT}/Target Support Files/Pods-stroll-trolls/Pods-stroll-trolls-frameworks-${CONFIGURATION}-input-files.xcfilelist",
			);
			name = "[CP] Embed Pods Frameworks";
			outputFileListPaths = (
				"${PODS_ROOT}/Target Support Files/Pods-stroll-trolls/Pods-stroll-trolls-frameworks-${CONFIGURATION}-output-files.xcfilelist",
			);
			runOnlyForDeploymentPostprocessing = 0;
			shellPath = /bin/sh;
			shellScript = "\"${PODS_ROOT}/Target Support Files/Pods-stroll-trolls/Pods-stroll-trolls-frameworks.sh\"\n";
			showEnvVarsInLog = 0;
		};
		4ECD2768B5C1F9F39E13457E /* [CP] Check Pods Manifest.lock */ = {
			isa = PBXShellScriptBuildPhase;
			buildActionMask = 2147483647;
			files = (
			);
			inputFileListPaths = (
			);
			inputPaths = (
				"${PODS_PODFILE_DIR_PATH}/Podfile.lock",
				"${PODS_ROOT}/Manifest.lock",
			);
			name = "[CP] Check Pods Manifest.lock";
			outputFileListPaths = (
			);
			outputPaths = (
				"$(DERIVED_FILE_DIR)/Pods-stroll-trolls-checkManifestLockResult.txt",
			);
			runOnlyForDeploymentPostprocessing = 0;
			shellPath = /bin/sh;
			shellScript = "diff \"${PODS_PODFILE_DIR_PATH}/Podfile.lock\" \"${PODS_ROOT}/Manifest.lock\" > /dev/null\nif [ $? != 0 ] ; then\n    # print error to STDERR\n    echo \"error: The sandbox is not in sync with the Podfile.lock. Run 'pod install' or update your CocoaPods installation.\" >&2\n    exit 1\nfi\n# This output is used by Xcode 'outputs' to avoid re-running this script phase.\necho \"SUCCESS\" > \"${SCRIPT_OUTPUT_FILE_0}\"\n";
			showEnvVarsInLog = 0;
		};
		99CA3867FCD47DF38CAC1BE9 /* [CP] Check Pods Manifest.lock */ = {
			isa = PBXShellScriptBuildPhase;
			buildActionMask = 2147483647;
			files = (
			);
			inputFileListPaths = (
			);
			inputPaths = (
				"${PODS_PODFILE_DIR_PATH}/Podfile.lock",
				"${PODS_ROOT}/Manifest.lock",
			);
			name = "[CP] Check Pods Manifest.lock";
			outputFileListPaths = (
			);
			outputPaths = (
				"$(DERIVED_FILE_DIR)/Pods-stroll-trollsTests-checkManifestLockResult.txt",
			);
			runOnlyForDeploymentPostprocessing = 0;
			shellPath = /bin/sh;
			shellScript = "diff \"${PODS_PODFILE_DIR_PATH}/Podfile.lock\" \"${PODS_ROOT}/Manifest.lock\" > /dev/null\nif [ $? != 0 ] ; then\n    # print error to STDERR\n    echo \"error: The sandbox is not in sync with the Podfile.lock. Run 'pod install' or update your CocoaPods installation.\" >&2\n    exit 1\nfi\n# This output is used by Xcode 'outputs' to avoid re-running this script phase.\necho \"SUCCESS\" > \"${SCRIPT_OUTPUT_FILE_0}\"\n";
			showEnvVarsInLog = 0;
		};
/* End PBXShellScriptBuildPhase section */

/* Begin PBXSourcesBuildPhase section */
		8FB2ACF8236416CA0096DA90 /* Sources */ = {
			isa = PBXSourcesBuildPhase;
			buildActionMask = 2147483647;
			files = (
				8FB2AD05236416CA0096DA90 /* stroll_trolls.xcdatamodeld in Sources */,
				8FB2AD00236416CA0096DA90 /* AppDelegate.swift in Sources */,
				8FB2AD07236416CA0096DA90 /* ContentView.swift in Sources */,
				8FB2AD02236416CA0096DA90 /* SceneDelegate.swift in Sources */,
			);
			runOnlyForDeploymentPostprocessing = 0;
		};
		8FB2AD11236416CD0096DA90 /* Sources */ = {
			isa = PBXSourcesBuildPhase;
			buildActionMask = 2147483647;
			files = (
				8FB2AD1A236416CD0096DA90 /* stroll_trollsTests.swift in Sources */,
			);
			runOnlyForDeploymentPostprocessing = 0;
		};
/* End PBXSourcesBuildPhase section */

/* Begin PBXTargetDependency section */
		8FB2AD17236416CD0096DA90 /* PBXTargetDependency */ = {
			isa = PBXTargetDependency;
			target = 8FB2ACFB236416CA0096DA90 /* stroll-trolls */;
			targetProxy = 8FB2AD16236416CD0096DA90 /* PBXContainerItemProxy */;
		};
/* End PBXTargetDependency section */

/* Begin PBXVariantGroup section */
		8FB2AD0D236416CD0096DA90 /* LaunchScreen.storyboard */ = {
			isa = PBXVariantGroup;
			children = (
				8FB2AD0E236416CD0096DA90 /* Base */,
			);
			name = LaunchScreen.storyboard;
			sourceTree = "<group>";
		};
/* End PBXVariantGroup section */

/* Begin XCBuildConfiguration section */
		8FB2AD1C236416CD0096DA90 /* Debug */ = {
			isa = XCBuildConfiguration;
			buildSettings = {
				ALWAYS_SEARCH_USER_PATHS = NO;
				CLANG_ANALYZER_NONNULL = YES;
				CLANG_ANALYZER_NUMBER_OBJECT_CONVERSION = YES_AGGRESSIVE;
				CLANG_CXX_LANGUAGE_STANDARD = "gnu++14";
				CLANG_CXX_LIBRARY = "libc++";
				CLANG_ENABLE_MODULES = YES;
				CLANG_ENABLE_OBJC_ARC = YES;
				CLANG_ENABLE_OBJC_WEAK = YES;
				CLANG_WARN_BLOCK_CAPTURE_AUTORELEASING = YES;
				CLANG_WARN_BOOL_CONVERSION = YES;
				CLANG_WARN_COMMA = YES;
				CLANG_WARN_CONSTANT_CONVERSION = YES;
				CLANG_WARN_DEPRECATED_OBJC_IMPLEMENTATIONS = YES;
				CLANG_WARN_DIRECT_OBJC_ISA_USAGE = YES_ERROR;
				CLANG_WARN_DOCUMENTATION_COMMENTS = YES;
				CLANG_WARN_EMPTY_BODY = YES;
				CLANG_WARN_ENUM_CONVERSION = YES;
				CLANG_WARN_INFINITE_RECURSION = YES;
				CLANG_WARN_INT_CONVERSION = YES;
				CLANG_WARN_NON_LITERAL_NULL_CONVERSION = YES;
				CLANG_WARN_OBJC_IMPLICIT_RETAIN_SELF = YES;
				CLANG_WARN_OBJC_LITERAL_CONVERSION = YES;
				CLANG_WARN_OBJC_ROOT_CLASS = YES_ERROR;
				CLANG_WARN_RANGE_LOOP_ANALYSIS = YES;
				CLANG_WARN_STRICT_PROTOTYPES = YES;
				CLANG_WARN_SUSPICIOUS_MOVE = YES;
				CLANG_WARN_UNGUARDED_AVAILABILITY = YES_AGGRESSIVE;
				CLANG_WARN_UNREACHABLE_CODE = YES;
				CLANG_WARN__DUPLICATE_METHOD_MATCH = YES;
				COPY_PHASE_STRIP = NO;
				DEBUG_INFORMATION_FORMAT = dwarf;
				ENABLE_STRICT_OBJC_MSGSEND = YES;
				ENABLE_TESTABILITY = YES;
				GCC_C_LANGUAGE_STANDARD = gnu11;
				GCC_DYNAMIC_NO_PIC = NO;
				GCC_NO_COMMON_BLOCKS = YES;
				GCC_OPTIMIZATION_LEVEL = 0;
				GCC_PREPROCESSOR_DEFINITIONS = (
					"DEBUG=1",
					"$(inherited)",
				);
				GCC_WARN_64_TO_32_BIT_CONVERSION = YES;
				GCC_WARN_ABOUT_RETURN_TYPE = YES_ERROR;
				GCC_WARN_UNDECLARED_SELECTOR = YES;
				GCC_WARN_UNINITIALIZED_AUTOS = YES_AGGRESSIVE;
				GCC_WARN_UNUSED_FUNCTION = YES;
				GCC_WARN_UNUSED_VARIABLE = YES;
				IPHONEOS_DEPLOYMENT_TARGET = 13.1;
				MTL_ENABLE_DEBUG_INFO = INCLUDE_SOURCE;
				MTL_FAST_MATH = YES;
				ONLY_ACTIVE_ARCH = YES;
				SDKROOT = iphoneos;
				SWIFT_ACTIVE_COMPILATION_CONDITIONS = DEBUG;
				SWIFT_OPTIMIZATION_LEVEL = "-Onone";
			};
			name = Debug;
		};
		8FB2AD1D236416CD0096DA90 /* Release */ = {
			isa = XCBuildConfiguration;
			buildSettings = {
				ALWAYS_SEARCH_USER_PATHS = NO;
				CLANG_ANALYZER_NONNULL = YES;
				CLANG_ANALYZER_NUMBER_OBJECT_CONVERSION = YES_AGGRESSIVE;
				CLANG_CXX_LANGUAGE_STANDARD = "gnu++14";
				CLANG_CXX_LIBRARY = "libc++";
				CLANG_ENABLE_MODULES = YES;
				CLANG_ENABLE_OBJC_ARC = YES;
				CLANG_ENABLE_OBJC_WEAK = YES;
				CLANG_WARN_BLOCK_CAPTURE_AUTORELEASING = YES;
				CLANG_WARN_BOOL_CONVERSION = YES;
				CLANG_WARN_COMMA = YES;
				CLANG_WARN_CONSTANT_CONVERSION = YES;
				CLANG_WARN_DEPRECATED_OBJC_IMPLEMENTATIONS = YES;
				CLANG_WARN_DIRECT_OBJC_ISA_USAGE = YES_ERROR;
				CLANG_WARN_DOCUMENTATION_COMMENTS = YES;
				CLANG_WARN_EMPTY_BODY = YES;
				CLANG_WARN_ENUM_CONVERSION = YES;
				CLANG_WARN_INFINITE_RECURSION = YES;
				CLANG_WARN_INT_CONVERSION = YES;
				CLANG_WARN_NON_LITERAL_NULL_CONVERSION = YES;
				CLANG_WARN_OBJC_IMPLICIT_RETAIN_SELF = YES;
				CLANG_WARN_OBJC_LITERAL_CONVERSION = YES;
				CLANG_WARN_OBJC_ROOT_CLASS = YES_ERROR;
				CLANG_WARN_RANGE_LOOP_ANALYSIS = YES;
				CLANG_WARN_STRICT_PROTOTYPES = YES;
				CLANG_WARN_SUSPICIOUS_MOVE = YES;
				CLANG_WARN_UNGUARDED_AVAILABILITY = YES_AGGRESSIVE;
				CLANG_WARN_UNREACHABLE_CODE = YES;
				CLANG_WARN__DUPLICATE_METHOD_MATCH = YES;
				COPY_PHASE_STRIP = NO;
				DEBUG_INFORMATION_FORMAT = "dwarf-with-dsym";
				ENABLE_NS_ASSERTIONS = NO;
				ENABLE_STRICT_OBJC_MSGSEND = YES;
				GCC_C_LANGUAGE_STANDARD = gnu11;
				GCC_NO_COMMON_BLOCKS = YES;
				GCC_WARN_64_TO_32_BIT_CONVERSION = YES;
				GCC_WARN_ABOUT_RETURN_TYPE = YES_ERROR;
				GCC_WARN_UNDECLARED_SELECTOR = YES;
				GCC_WARN_UNINITIALIZED_AUTOS = YES_AGGRESSIVE;
				GCC_WARN_UNUSED_FUNCTION = YES;
				GCC_WARN_UNUSED_VARIABLE = YES;
				IPHONEOS_DEPLOYMENT_TARGET = 13.1;
				MTL_ENABLE_DEBUG_INFO = NO;
				MTL_FAST_MATH = YES;
				SDKROOT = iphoneos;
				SWIFT_COMPILATION_MODE = wholemodule;
				SWIFT_OPTIMIZATION_LEVEL = "-O";
				VALIDATE_PRODUCT = YES;
			};
			name = Release;
		};
		8FB2AD1F236416CD0096DA90 /* Debug */ = {
			isa = XCBuildConfiguration;
			baseConfigurationReference = C0F14BD0597455E2C6D3C5E9 /* Pods-stroll-trolls.debug.xcconfig */;
			buildSettings = {
				ASSETCATALOG_COMPILER_APPICON_NAME = AppIcon;
				CODE_SIGN_STYLE = Automatic;
				DEVELOPMENT_ASSET_PATHS = "\"stroll-trolls/Preview Content\"";
				ENABLE_PREVIEWS = YES;
				INFOPLIST_FILE = "stroll-trolls/Info.plist";
				LD_RUNPATH_SEARCH_PATHS = (
					"$(inherited)",
					"@executable_path/Frameworks",
				);
				PRODUCT_BUNDLE_IDENTIFIER = "com.example.stroll-trolls";
				PRODUCT_NAME = "$(TARGET_NAME)";
				SWIFT_VERSION = 5.0;
				TARGETED_DEVICE_FAMILY = "1,2";
			};
			name = Debug;
		};
		8FB2AD20236416CD0096DA90 /* Release */ = {
			isa = XCBuildConfiguration;
			baseConfigurationReference = AFBA054FBF94C8839A036488 /* Pods-stroll-trolls.release.xcconfig */;
			buildSettings = {
				ASSETCATALOG_COMPILER_APPICON_NAME = AppIcon;
				CODE_SIGN_STYLE = Automatic;
				DEVELOPMENT_ASSET_PATHS = "\"stroll-trolls/Preview Content\"";
				ENABLE_PREVIEWS = YES;
				INFOPLIST_FILE = "stroll-trolls/Info.plist";
				LD_RUNPATH_SEARCH_PATHS = (
					"$(inherited)",
					"@executable_path/Frameworks",
				);
				PRODUCT_BUNDLE_IDENTIFIER = "com.example.stroll-trolls";
				PRODUCT_NAME = "$(TARGET_NAME)";
				SWIFT_VERSION = 5.0;
				TARGETED_DEVICE_FAMILY = "1,2";
			};
			name = Release;
		};
		8FB2AD22236416CD0096DA90 /* Debug */ = {
			isa = XCBuildConfiguration;
			baseConfigurationReference = 8029C635E0D0E2F8DC66980A /* Pods-stroll-trollsTests.debug.xcconfig */;
			buildSettings = {
				ALWAYS_EMBED_SWIFT_STANDARD_LIBRARIES = YES;
				BUNDLE_LOADER = "$(TEST_HOST)";
				CODE_SIGN_STYLE = Automatic;
				INFOPLIST_FILE = "stroll-trollsTests/Info.plist";
				IPHONEOS_DEPLOYMENT_TARGET = 13.1;
				LD_RUNPATH_SEARCH_PATHS = (
					"$(inherited)",
					"@executable_path/Frameworks",
					"@loader_path/Frameworks",
				);
				PRODUCT_BUNDLE_IDENTIFIER = "com.example.stroll-trollsTests";
				PRODUCT_NAME = "$(TARGET_NAME)";
				SWIFT_VERSION = 5.0;
				TARGETED_DEVICE_FAMILY = "1,2";
				TEST_HOST = "$(BUILT_PRODUCTS_DIR)/stroll-trolls.app/stroll-trolls";
			};
			name = Debug;
		};
		8FB2AD23236416CD0096DA90 /* Release */ = {
			isa = XCBuildConfiguration;
			baseConfigurationReference = 81B6156D2E76B30EBA7C35B4 /* Pods-stroll-trollsTests.release.xcconfig */;
			buildSettings = {
				ALWAYS_EMBED_SWIFT_STANDARD_LIBRARIES = YES;
				BUNDLE_LOADER = "$(TEST_HOST)";
				CODE_SIGN_STYLE = Automatic;
				INFOPLIST_FILE = "stroll-trollsTests/Info.plist";
				IPHONEOS_DEPLOYMENT_TARGET = 13.1;
				LD_RUNPATH_SEARCH_PATHS = (
					"$(inherited)",
					"@executable_path/Frameworks",
					"@loader_path/Frameworks",
				);
				PRODUCT_BUNDLE_IDENTIFIER = "com.example.stroll-trollsTests";
				PRODUCT_NAME = "$(TARGET_NAME)";
				SWIFT_VERSION = 5.0;
				TARGETED_DEVICE_FAMILY = "1,2";
				TEST_HOST = "$(BUILT_PRODUCTS_DIR)/stroll-trolls.app/stroll-trolls";
			};
			name = Release;
		};
/* End XCBuildConfiguration section */

/* Begin XCConfigurationList section */
		8FB2ACF7236416C90096DA90 /* Build configuration list for PBXProject "stroll-trolls" */ = {
			isa = XCConfigurationList;
			buildConfigurations = (
				8FB2AD1C236416CD0096DA90 /* Debug */,
				8FB2AD1D236416CD0096DA90 /* Release */,
			);
			defaultConfigurationIsVisible = 0;
			defaultConfigurationName = Release;
		};
		8FB2AD1E236416CD0096DA90 /* Build configuration list for PBXNativeTarget "stroll-trolls" */ = {
			isa = XCConfigurationList;
			buildConfigurations = (
				8FB2AD1F236416CD0096DA90 /* Debug */,
				8FB2AD20236416CD0096DA90 /* Release */,
			);
			defaultConfigurationIsVisible = 0;
			defaultConfigurationName = Release;
		};
		8FB2AD21236416CD0096DA90 /* Build configuration list for PBXNativeTarget "stroll-trollsTests" */ = {
			isa = XCConfigurationList;
			buildConfigurations = (
				8FB2AD22236416CD0096DA90 /* Debug */,
				8FB2AD23236416CD0096DA90 /* Release */,
			);
			defaultConfigurationIsVisible = 0;
			defaultConfigurationName = Release;
		};
/* End XCConfigurationList section */

/* Begin XCVersionGroup section */
		8FB2AD03236416CA0096DA90 /* stroll_trolls.xcdatamodeld */ = {
			isa = XCVersionGroup;
			children = (
				8FB2AD04236416CA0096DA90 /* stroll_trolls.xcdatamodel */,
			);
			currentVersion = 8FB2AD04236416CA0096DA90 /* stroll_trolls.xcdatamodel */;
			path = stroll_trolls.xcdatamodeld;
			sourceTree = "<group>";
			versionGroupType = wrapper.xcdatamodel;
		};
/* End XCVersionGroup section */
	};
	rootObject = 8FB2ACF4236416C90096DA90 /* Project object */;
}
