
Microsoft Visual Studio Solution File, Format Version 12.00
Project("{FAE04EC0-301F-11D3-BF4B-00C04F79EFBC}") = "MapBoxWrapper", "MapBoxWrapper\MapBoxWrapper.csproj", "{92C7BC9B-05CE-427E-829C-DDF6C7D7B4C4}"
EndProject




Global
	GlobalSection(SolutionConfigurationPlatforms) = preSolution
		Debug|Any CPU = Debug|Any CPU
		Release|Any CPU = Release|Any CPU
	EndGlobalSection
	GlobalSection(ProjectConfigurationPlatforms) = postSolution
		{92C7BC9B-05CE-427E-829C-DDF6C7D7B4C4}.Debug|Any CPU.ActiveCfg = Debug|Any CPU
		{92C7BC9B-05CE-427E-829C-DDF6C7D7B4C4}.Debug|Any CPU.Build.0 = Debug|Any CPU
		{92C7BC9B-05CE-427E-829C-DDF6C7D7B4C4}.Release|Any CPU.ActiveCfg = Release|Any CPU
		{92C7BC9B-05CE-427E-829C-DDF6C7D7B4C4}.Release|Any CPU.Build.0 = Release|Any CPU
	EndGlobalSection
EndGlobal
